
Microsoft Visual Studio Solution File, Format Version 12.00
# Visual Studio Version 17
VisualStudioVersion = 17.14.36518.9
MinimumVisualStudioVersion = 10.0.40219.1
Project("{FAE04EC0-301F-11D3-BF4B-00C04F79EFBC}") = "MauiAppMinhasCompras", "MauiAppMinhasCompras\MauiAppMinhasCompras.csproj", "{1006DC66-2E66-4CBD-ADCF-423E287D82EC}"
EndProject
Global
	GlobalSection(SolutionConfigurationPlatforms) = preSolution
		Debug|Any CPU = Debug|Any CPU
		Release|Any CPU = Release|Any CPU
	EndGlobalSection
	GlobalSection(ProjectConfigurationPlatforms) = postSolution
		{1006DC66-2E66-4CBD-ADCF-423E287D82EC}.Debug|Any CPU.ActiveCfg = Debug|Any CPU
		{1006DC66-2E66-4CBD-ADCF-423E287D82EC}.Debug|Any CPU.Build.0 = Debug|Any CPU
		{1006DC66-2E66-4CBD-ADCF-423E287D82EC}.Debug|Any CPU.Deploy.0 = Debug|Any CPU
		{1006DC66-2E66-4CBD-ADCF-423E287D82EC}.Release|Any CPU.ActiveCfg = Release|Any CPU
		{1006DC66-2E66-4CBD-ADCF-423E287D82EC}.Release|Any CPU.Build.0 = Release|Any CPU
		{1006DC66-2E66-4CBD-ADCF-423E287D82EC}.Release|Any CPU.Deploy.0 = Release|Any CPU
	EndGlobalSection
	GlobalSection(SolutionProperties) = preSolution
		HideSolutionNode = FALSE
	EndGlobalSection
	GlobalSection(ExtensibilityGlobals) = postSolution
		SolutionGuid = {4D8B9736-F046-45E9-9CF7-E69EDE34A992}
	EndGlobalSection
EndGlobal
